
Microsoft Visual Studio Solution File, Format Version 12.00
# Visual Studio Version 17
VisualStudioVersion = 17.0.31903.59
MinimumVisualStudioVersion = 10.0.40219.1
Project("{2150E333-8FDC-42A3-9474-1A3956D46DE8}") = "libs", "libs", "{4F52FD11-658E-A102-6CD3-7D7C16FFA15B}"
EndProject
Project("{FAE04EC0-301F-11D3-BF4B-00C04F79EFBC}") = "Domain", "libs\Core\Domain\Domain.csproj", "{F33A1F27-C170-4F0B-9689-35B3654595D5}"
EndProject
Project("{FAE04EC0-301F-11D3-BF4B-00C04F79EFBC}") = "Application", "libs\Core\Application\Application.csproj", "{C874F3EA-6363-4893-B8C4-E5F7702A5440}"
EndProject
Project("{FAE04EC0-301F-11D3-BF4B-00C04F79EFBC}") = "Infrastructure", "libs\Infrastructure\Infrastructure.csproj", "{F79946DA-C4D2-4482-AA9F-C0351D0F6250}"
EndProject
Project("{FAE04EC0-301F-11D3-BF4B-00C04F79EFBC}") = "Contracts", "libs\Contracts\Contracts.csproj", "{F7A428E6-4D70-4EFD-8AE9-B18D4F2C3F98}"
EndProject
Project("{2150E333-8FDC-42A3-9474-1A3956D46DE8}") = "services", "services", "{5854FF58-B8C5-05C6-5BF2-ACE42193F22B}"
EndProject
Project("{2150E333-8FDC-42A3-9474-1A3956D46DE8}") = "IdentityService", "IdentityService", "{DD206F60-1FAF-ED75-6FA2-9D7982884EA4}"
EndProject
Project("{FAE04EC0-301F-11D3-BF4B-00C04F79EFBC}") = "IdentityService", "services\IdentityService\IdentityService.csproj", "{FD0D5B9A-FDBC-4A79-96EC-DE7AAC817293}"
EndProject
Project("{2150E333-8FDC-42A3-9474-1A3956D46DE8}") = "LinkingService", "LinkingService", "{BC40C39C-48B9-C388-F298-AD2982E556B2}"
EndProject
Project("{FAE04EC0-301F-11D3-BF4B-00C04F79EFBC}") = "LinkingService", "services\LinkingService\LinkingService.csproj", "{74184BBE-637A-4470-9B35-CD5356783342}"
EndProject
Project("{2150E333-8FDC-42A3-9474-1A3956D46DE8}") = "tests", "tests", "{0AB3BF05-4346-4AA6-1389-037BE0695223}"
EndProject
Project("{FAE04EC0-301F-11D3-BF4B-00C04F79EFBC}") = "Tests", "tests\tests.csproj", "{D0C65CCC-C9BA-4A50-9BC1-9747EC7C8622}"
EndProject
Global
	GlobalSection(SolutionConfigurationPlatforms) = preSolution
		Debug|Any CPU = Debug|Any CPU
		Debug|x64 = Debug|x64
		Debug|x86 = Debug|x86
		Release|Any CPU = Release|Any CPU
		Release|x64 = Release|x64
		Release|x86 = Release|x86
	EndGlobalSection
	GlobalSection(ProjectConfigurationPlatforms) = postSolution
		{F33A1F27-C170-4F0B-9689-35B3654595D5}.Debug|Any CPU.ActiveCfg = Debug|Any CPU
		{F33A1F27-C170-4F0B-9689-35B3654595D5}.Debug|Any CPU.Build.0 = Debug|Any CPU
		{F33A1F27-C170-4F0B-9689-35B3654595D5}.Debug|x64.ActiveCfg = Debug|Any CPU
		{F33A1F27-C170-4F0B-9689-35B3654595D5}.Debug|x64.Build.0 = Debug|Any CPU
		{F33A1F27-C170-4F0B-9689-35B3654595D5}.Debug|x86.ActiveCfg = Debug|Any CPU
		{F33A1F27-C170-4F0B-9689-35B3654595D5}.Debug|x86.Build.0 = Debug|Any CPU
		{F33A1F27-C170-4F0B-9689-35B3654595D5}.Release|Any CPU.ActiveCfg = Release|Any CPU
		{F33A1F27-C170-4F0B-9689-35B3654595D5}.Release|Any CPU.Build.0 = Release|Any CPU
		{F33A1F27-C170-4F0B-9689-35B3654595D5}.Release|x64.ActiveCfg = Release|Any CPU
		{F33A1F27-C170-4F0B-9689-35B3654595D5}.Release|x64.Build.0 = Release|Any CPU
		{F33A1F27-C170-4F0B-9689-35B3654595D5}.Release|x86.ActiveCfg = Release|Any CPU
		{F33A1F27-C170-4F0B-9689-35B3654595D5}.Release|x86.Build.0 = Release|Any CPU
		{C874F3EA-6363-4893-B8C4-E5F7702A5440}.Debug|Any CPU.ActiveCfg = Debug|Any CPU
		{C874F3EA-6363-4893-B8C4-E5F7702A5440}.Debug|Any CPU.Build.0 = Debug|Any CPU
		{C874F3EA-6363-4893-B8C4-E5F7702A5440}.Debug|x64.ActiveCfg = Debug|Any CPU
		{C874F3EA-6363-4893-B8C4-E5F7702A5440}.Debug|x64.Build.0 = Debug|Any CPU
		{C874F3EA-6363-4893-B8C4-E5F7702A5440}.Debug|x86.ActiveCfg = Debug|Any CPU
		{C874F3EA-6363-4893-B8C4-E5F7702A5440}.Debug|x86.Build.0 = Debug|Any CPU
		{C874F3EA-6363-4893-B8C4-E5F7702A5440}.Release|Any CPU.ActiveCfg = Release|Any CPU
		{C874F3EA-6363-4893-B8C4-E5F7702A5440}.Release|Any CPU.Build.0 = Release|Any CPU
		{C874F3EA-6363-4893-B8C4-E5F7702A5440}.Release|x64.ActiveCfg = Release|Any CPU
		{C874F3EA-6363-4893-B8C4-E5F7702A5440}.Release|x64.Build.0 = Release|Any CPU
		{C874F3EA-6363-4893-B8C4-E5F7702A5440}.Release|x86.ActiveCfg = Release|Any CPU
		{C874F3EA-6363-4893-B8C4-E5F7702A5440}.Release|x86.Build.0 = Release|Any CPU
		{F79946DA-C4D2-4482-AA9F-C0351D0F6250}.Debug|Any CPU.ActiveCfg = Debug|Any CPU
		{F79946DA-C4D2-4482-AA9F-C0351D0F6250}.Debug|Any CPU.Build.0 = Debug|Any CPU
		{F79946DA-C4D2-4482-AA9F-C0351D0F6250}.Debug|x64.ActiveCfg = Debug|Any CPU
		{F79946DA-C4D2-4482-AA9F-C0351D0F6250}.Debug|x64.Build.0 = Debug|Any CPU
		{F79946DA-C4D2-4482-AA9F-C0351D0F6250}.Debug|x86.ActiveCfg = Debug|Any CPU
		{F79946DA-C4D2-4482-AA9F-C0351D0F6250}.Debug|x86.Build.0 = Debug|Any CPU
		{F79946DA-C4D2-4482-AA9F-C0351D0F6250}.Release|Any CPU.ActiveCfg = Release|Any CPU
		{F79946DA-C4D2-4482-AA9F-C0351D0F6250}.Release|Any CPU.Build.0 = Release|Any CPU
		{F79946DA-C4D2-4482-AA9F-C0351D0F6250}.Release|x64.ActiveCfg = Release|Any CPU
		{F79946DA-C4D2-4482-AA9F-C0351D0F6250}.Release|x64.Build.0 = Release|Any CPU
		{F79946DA-C4D2-4482-AA9F-C0351D0F6250}.Release|x86.ActiveCfg = Release|Any CPU
		{F79946DA-C4D2-4482-AA9F-C0351D0F6250}.Release|x86.Build.0 = Release|Any CPU
		{F7A428E6-4D70-4EFD-8AE9-B18D4F2C3F98}.Debug|Any CPU.ActiveCfg = Debug|Any CPU
		{F7A428E6-4D70-4EFD-8AE9-B18D4F2C3F98}.Debug|Any CPU.Build.0 = Debug|Any CPU
		{F7A428E6-4D70-4EFD-8AE9-B18D4F2C3F98}.Debug|x64.ActiveCfg = Debug|Any CPU
		{F7A428E6-4D70-4EFD-8AE9-B18D4F2C3F98}.Debug|x64.Build.0 = Debug|Any CPU
		{F7A428E6-4D70-4EFD-8AE9-B18D4F2C3F98}.Debug|x86.ActiveCfg = Debug|Any CPU
		{F7A428E6-4D70-4EFD-8AE9-B18D4F2C3F98}.Debug|x86.Build.0 = Debug|Any CPU
		{F7A428E6-4D70-4EFD-8AE9-B18D4F2C3F98}.Release|Any CPU.ActiveCfg = Release|Any CPU
		{F7A428E6-4D70-4EFD-8AE9-B18D4F2C3F98}.Release|Any CPU.Build.0 = Release|Any CPU
		{F7A428E6-4D70-4EFD-8AE9-B18D4F2C3F98}.Release|x64.ActiveCfg = Release|Any CPU
		{F7A428E6-4D70-4EFD-8AE9-B18D4F2C3F98}.Release|x64.Build.0 = Release|Any CPU
		{F7A428E6-4D70-4EFD-8AE9-B18D4F2C3F98}.Release|x86.ActiveCfg = Release|Any CPU
		{F7A428E6-4D70-4EFD-8AE9-B18D4F2C3F98}.Release|x86.Build.0 = Release|Any CPU
		{FD0D5B9A-FDBC-4A79-96EC-DE7AAC817293}.Debug|Any CPU.ActiveCfg = Debug|Any CPU
		{FD0D5B9A-FDBC-4A79-96EC-DE7AAC817293}.Debug|Any CPU.Build.0 = Debug|Any CPU
		{FD0D5B9A-FDBC-4A79-96EC-DE7AAC817293}.Debug|x64.ActiveCfg = Debug|Any CPU
		{FD0D5B9A-FDBC-4A79-96EC-DE7AAC817293}.Debug|x64.Build.0 = Debug|Any CPU
		{FD0D5B9A-FDBC-4A79-96EC-DE7AAC817293}.Debug|x86.ActiveCfg = Debug|Any CPU
		{FD0D5B9A-FDBC-4A79-96EC-DE7AAC817293}.Debug|x86.Build.0 = Debug|Any CPU
		{FD0D5B9A-FDBC-4A79-96EC-DE7AAC817293}.Release|Any CPU.ActiveCfg = Release|Any CPU
		{FD0D5B9A-FDBC-4A79-96EC-DE7AAC817293}.Release|Any CPU.Build.0 = Release|Any CPU
		{FD0D5B9A-FDBC-4A79-96EC-DE7AAC817293}.Release|x64.ActiveCfg = Release|Any CPU
		{FD0D5B9A-FDBC-4A79-96EC-DE7AAC817293}.Release|x64.Build.0 = Release|Any CPU
		{FD0D5B9A-FDBC-4A79-96EC-DE7AAC817293}.Release|x86.ActiveCfg = Release|Any CPU
		{FD0D5B9A-FDBC-4A79-96EC-DE7AAC817293}.Release|x86.Build.0 = Release|Any CPU
		{74184BBE-637A-4470-9B35-CD5356783342}.Debug|Any CPU.ActiveCfg = Debug|Any CPU
		{74184BBE-637A-4470-9B35-CD5356783342}.Debug|Any CPU.Build.0 = Debug|Any CPU
		{74184BBE-637A-4470-9B35-CD5356783342}.Debug|x64.ActiveCfg = Debug|Any CPU
		{74184BBE-637A-4470-9B35-CD5356783342}.Debug|x64.Build.0 = Debug|Any CPU
		{74184BBE-637A-4470-9B35-CD5356783342}.Debug|x86.ActiveCfg = Debug|Any CPU
		{74184BBE-637A-4470-9B35-CD5356783342}.Debug|x86.Build.0 = Debug|Any CPU
		{74184BBE-637A-4470-9B35-CD5356783342}.Release|Any CPU.ActiveCfg = Release|Any CPU
		{74184BBE-637A-4470-9B35-CD5356783342}.Release|Any CPU.Build.0 = Release|Any CPU
		{74184BBE-637A-4470-9B35-CD5356783342}.Release|x64.ActiveCfg = Release|Any CPU
		{74184BBE-637A-4470-9B35-CD5356783342}.Release|x64.Build.0 = Release|Any CPU
		{74184BBE-637A-4470-9B35-CD5356783342}.Release|x86.ActiveCfg = Release|Any CPU
		{74184BBE-637A-4470-9B35-CD5356783342}.Release|x86.Build.0 = Release|Any CPU
		{D0C65CCC-C9BA-4A50-9BC1-9747EC7C8622}.Debug|Any CPU.ActiveCfg = Debug|Any CPU
		{D0C65CCC-C9BA-4A50-9BC1-9747EC7C8622}.Debug|Any CPU.Build.0 = Debug|Any CPU
		{D0C65CCC-C9BA-4A50-9BC1-9747EC7C8622}.Debug|x64.ActiveCfg = Debug|Any CPU
		{D0C65CCC-C9BA-4A50-9BC1-9747EC7C8622}.Debug|x64.Build.0 = Debug|Any CPU
		{D0C65CCC-C9BA-4A50-9BC1-9747EC7C8622}.Debug|x86.ActiveCfg = Debug|Any CPU
		{D0C65CCC-C9BA-4A50-9BC1-9747EC7C8622}.Debug|x86.Build.0 = Debug|Any CPU
		{D0C65CCC-C9BA-4A50-9BC1-9747EC7C8622}.Release|Any CPU.ActiveCfg = Release|Any CPU
		{D0C65CCC-C9BA-4A50-9BC1-9747EC7C8622}.Release|Any CPU.Build.0 = Release|Any CPU
		{D0C65CCC-C9BA-4A50-9BC1-9747EC7C8622}.Release|x64.ActiveCfg = Release|Any CPU
		{D0C65CCC-C9BA-4A50-9BC1-9747EC7C8622}.Release|x64.Build.0 = Release|Any CPU
		{D0C65CCC-C9BA-4A50-9BC1-9747EC7C8622}.Release|x86.ActiveCfg = Release|Any CPU
		{D0C65CCC-C9BA-4A50-9BC1-9747EC7C8622}.Release|x86.Build.0 = Release|Any CPU
	EndGlobalSection
	GlobalSection(SolutionProperties) = preSolution
		HideSolutionNode = FALSE
	EndGlobalSection
	GlobalSection(NestedProjects) = preSolution
		{F33A1F27-C170-4F0B-9689-35B3654595D5} = {4F52FD11-658E-A102-6CD3-7D7C16FFA15B}
		{C874F3EA-6363-4893-B8C4-E5F7702A5440} = {4F52FD11-658E-A102-6CD3-7D7C16FFA15B}
		{F79946DA-C4D2-4482-AA9F-C0351D0F6250} = {4F52FD11-658E-A102-6CD3-7D7C16FFA15B}
		{F7A428E6-4D70-4EFD-8AE9-B18D4F2C3F98} = {4F52FD11-658E-A102-6CD3-7D7C16FFA15B}
		{DD206F60-1FAF-ED75-6FA2-9D7982884EA4} = {5854FF58-B8C5-05C6-5BF2-ACE42193F22B}
		{FD0D5B9A-FDBC-4A79-96EC-DE7AAC817293} = {DD206F60-1FAF-ED75-6FA2-9D7982884EA4}
		{BC40C39C-48B9-C388-F298-AD2982E556B2} = {5854FF58-B8C5-05C6-5BF2-ACE42193F22B}
		{74184BBE-637A-4470-9B35-CD5356783342} = {BC40C39C-48B9-C388-F298-AD2982E556B2}
		{D0C65CCC-C9BA-4A50-9BC1-9747EC7C8622} = {0AB3BF05-4346-4AA6-1389-037BE0695223}
	EndGlobalSection
EndGlobal
