
Microsoft Visual Studio Solution File, Format Version 12.00
# Visual Studio Version 17
VisualStudioVersion = 17.0.31903.59
MinimumVisualStudioVersion = 10.0.40219.1
Project("{2150E333-8FDC-42A3-9474-1A3956D46DE8}") = "services", "services", "{5854FF58-B8C5-05C6-5BF2-ACE42193F22B}"
EndProject
Project("{2150E333-8FDC-42A3-9474-1A3956D46DE8}") = "IdentityService", "IdentityService", "{DD206F60-1FAF-ED75-6FA2-9D7982884EA4}"
EndProject
Project("{2150E333-8FDC-42A3-9474-1A3956D46DE8}") = "Domain", "Domain", "{CC1E7390-9DC9-68F6-7E55-A8ECA6F8524A}"
EndProject
Project("{FAE04EC0-301F-11D3-BF4B-00C04F79EFBC}") = "IdentityService.Domain", "services\IdentityService\Domain\IdentityService.Domain.csproj", "{FFD1A594-15AB-42E8-8314-872043E8C2AC}"
EndProject
Project("{2150E333-8FDC-42A3-9474-1A3956D46DE8}") = "Application", "Application", "{98C5CCB2-E5D9-72A6-B048-2A7112AB1D7B}"
EndProject
Project("{FAE04EC0-301F-11D3-BF4B-00C04F79EFBC}") = "IdentityService.Application", "services\IdentityService\Application\IdentityService.Application.csproj", "{8F105AF0-2205-430D-8CFD-64EFDD3A7A7F}"
EndProject
Project("{2150E333-8FDC-42A3-9474-1A3956D46DE8}") = "Infrastructure", "Infrastructure", "{B855C8D1-5364-824C-CDCA-EE7C08A2A013}"
EndProject
Project("{FAE04EC0-301F-11D3-BF4B-00C04F79EFBC}") = "IdentityService.Infrastructure", "services\IdentityService\Infrastructure\IdentityService.Infrastructure.csproj", "{0281868C-F076-4CBE-B66E-B426D45B8BC1}"
EndProject
Project("{2150E333-8FDC-42A3-9474-1A3956D46DE8}") = "Api", "Api", "{8C80E4CC-CD17-837C-9AD1-91A241D051C9}"
EndProject
Project("{FAE04EC0-301F-11D3-BF4B-00C04F79EFBC}") = "IdentityService.Api", "services\IdentityService\Api\IdentityService.Api.csproj", "{7194000F-110C-422B-8EC3-71E93379A104}"
EndProject
Project("{2150E333-8FDC-42A3-9474-1A3956D46DE8}") = "LinkingService", "LinkingService", "{BC40C39C-48B9-C388-F298-AD2982E556B2}"
EndProject
Project("{2150E333-8FDC-42A3-9474-1A3956D46DE8}") = "Domain", "Domain", "{BBEF91BD-EBB9-783C-E9F3-A3577D3F8ED1}"
EndProject
Project("{FAE04EC0-301F-11D3-BF4B-00C04F79EFBC}") = "LinkingService.Domain", "services\LinkingService\Domain\LinkingService.Domain.csproj", "{600FBC5B-2C66-4B32-AFFE-E7B4C4DCF3DE}"
EndProject
Project("{2150E333-8FDC-42A3-9474-1A3956D46DE8}") = "Application", "Application", "{BB272D5A-3679-7F55-C7E1-013922B56CB5}"
EndProject
Project("{FAE04EC0-301F-11D3-BF4B-00C04F79EFBC}") = "LinkingService.Application", "services\LinkingService\Application\LinkingService.Application.csproj", "{268752FF-69F6-4785-82B9-6B52EC0A4144}"
EndProject
Project("{2150E333-8FDC-42A3-9474-1A3956D46DE8}") = "Infrastructure", "Infrastructure", "{4EE93F56-4044-4495-351E-58364E8B363C}"
EndProject
Project("{FAE04EC0-301F-11D3-BF4B-00C04F79EFBC}") = "LinkingService.Infrastructure", "services\LinkingService\Infrastructure\LinkingService.Infrastructure.csproj", "{8CBC456F-942D-49B8-A5E5-22C5E9724343}"
EndProject
Project("{2150E333-8FDC-42A3-9474-1A3956D46DE8}") = "Api", "Api", "{4FAC71D7-F28E-BB80-1091-CAB3644D4679}"
EndProject
Project("{FAE04EC0-301F-11D3-BF4B-00C04F79EFBC}") = "LinkingService.Api", "services\LinkingService\Api\LinkingService.Api.csproj", "{B9029F87-AB43-4934-ACC0-728959232FA7}"
EndProject
Project("{2150E333-8FDC-42A3-9474-1A3956D46DE8}") = "tests", "tests", "{0AB3BF05-4346-4AA6-1389-037BE0695223}"
EndProject
Project("{FAE04EC0-301F-11D3-BF4B-00C04F79EFBC}") = "IdentityService.Tests", "tests\IdentityService.Tests\IdentityService.Tests.csproj", "{86616B6A-2B50-4FDD-81B2-42B1D6160613}"
EndProject
Project("{FAE04EC0-301F-11D3-BF4B-00C04F79EFBC}") = "LinkingService.Tests", "tests\LinkingService.Tests\LinkingService.Tests.csproj", "{6332B8AC-8FD3-48CC-BD6C-EB69742E80E1}"
EndProject
Global
	GlobalSection(SolutionConfigurationPlatforms) = preSolution
		Debug|Any CPU = Debug|Any CPU
		Debug|x64 = Debug|x64
		Debug|x86 = Debug|x86
		Release|Any CPU = Release|Any CPU
		Release|x64 = Release|x64
		Release|x86 = Release|x86
	EndGlobalSection
	GlobalSection(ProjectConfigurationPlatforms) = postSolution
		{FFD1A594-15AB-42E8-8314-872043E8C2AC}.Debug|Any CPU.ActiveCfg = Debug|Any CPU
		{FFD1A594-15AB-42E8-8314-872043E8C2AC}.Debug|Any CPU.Build.0 = Debug|Any CPU
		{FFD1A594-15AB-42E8-8314-872043E8C2AC}.Debug|x64.ActiveCfg = Debug|Any CPU
		{FFD1A594-15AB-42E8-8314-872043E8C2AC}.Debug|x64.Build.0 = Debug|Any CPU
		{FFD1A594-15AB-42E8-8314-872043E8C2AC}.Debug|x86.ActiveCfg = Debug|Any CPU
		{FFD1A594-15AB-42E8-8314-872043E8C2AC}.Debug|x86.Build.0 = Debug|Any CPU
		{FFD1A594-15AB-42E8-8314-872043E8C2AC}.Release|Any CPU.ActiveCfg = Release|Any CPU
		{FFD1A594-15AB-42E8-8314-872043E8C2AC}.Release|Any CPU.Build.0 = Release|Any CPU
		{FFD1A594-15AB-42E8-8314-872043E8C2AC}.Release|x64.ActiveCfg = Release|Any CPU
		{FFD1A594-15AB-42E8-8314-872043E8C2AC}.Release|x64.Build.0 = Release|Any CPU
		{FFD1A594-15AB-42E8-8314-872043E8C2AC}.Release|x86.ActiveCfg = Release|Any CPU
		{FFD1A594-15AB-42E8-8314-872043E8C2AC}.Release|x86.Build.0 = Release|Any CPU
		{8F105AF0-2205-430D-8CFD-64EFDD3A7A7F}.Debug|Any CPU.ActiveCfg = Debug|Any CPU
		{8F105AF0-2205-430D-8CFD-64EFDD3A7A7F}.Debug|Any CPU.Build.0 = Debug|Any CPU
		{8F105AF0-2205-430D-8CFD-64EFDD3A7A7F}.Debug|x64.ActiveCfg = Debug|Any CPU
		{8F105AF0-2205-430D-8CFD-64EFDD3A7A7F}.Debug|x64.Build.0 = Debug|Any CPU
		{8F105AF0-2205-430D-8CFD-64EFDD3A7A7F}.Debug|x86.ActiveCfg = Debug|Any CPU
		{8F105AF0-2205-430D-8CFD-64EFDD3A7A7F}.Debug|x86.Build.0 = Debug|Any CPU
		{8F105AF0-2205-430D-8CFD-64EFDD3A7A7F}.Release|Any CPU.ActiveCfg = Release|Any CPU
		{8F105AF0-2205-430D-8CFD-64EFDD3A7A7F}.Release|Any CPU.Build.0 = Release|Any CPU
		{8F105AF0-2205-430D-8CFD-64EFDD3A7A7F}.Release|x64.ActiveCfg = Release|Any CPU
		{8F105AF0-2205-430D-8CFD-64EFDD3A7A7F}.Release|x64.Build.0 = Release|Any CPU
		{8F105AF0-2205-430D-8CFD-64EFDD3A7A7F}.Release|x86.ActiveCfg = Release|Any CPU
		{8F105AF0-2205-430D-8CFD-64EFDD3A7A7F}.Release|x86.Build.0 = Release|Any CPU
		{0281868C-F076-4CBE-B66E-B426D45B8BC1}.Debug|Any CPU.ActiveCfg = Debug|Any CPU
		{0281868C-F076-4CBE-B66E-B426D45B8BC1}.Debug|Any CPU.Build.0 = Debug|Any CPU
		{0281868C-F076-4CBE-B66E-B426D45B8BC1}.Debug|x64.ActiveCfg = Debug|Any CPU
		{0281868C-F076-4CBE-B66E-B426D45B8BC1}.Debug|x64.Build.0 = Debug|Any CPU
		{0281868C-F076-4CBE-B66E-B426D45B8BC1}.Debug|x86.ActiveCfg = Debug|Any CPU
		{0281868C-F076-4CBE-B66E-B426D45B8BC1}.Debug|x86.Build.0 = Debug|Any CPU
		{0281868C-F076-4CBE-B66E-B426D45B8BC1}.Release|Any CPU.ActiveCfg = Release|Any CPU
		{0281868C-F076-4CBE-B66E-B426D45B8BC1}.Release|Any CPU.Build.0 = Release|Any CPU
		{0281868C-F076-4CBE-B66E-B426D45B8BC1}.Release|x64.ActiveCfg = Release|Any CPU
		{0281868C-F076-4CBE-B66E-B426D45B8BC1}.Release|x64.Build.0 = Release|Any CPU
		{0281868C-F076-4CBE-B66E-B426D45B8BC1}.Release|x86.ActiveCfg = Release|Any CPU
		{0281868C-F076-4CBE-B66E-B426D45B8BC1}.Release|x86.Build.0 = Release|Any CPU
		{7194000F-110C-422B-8EC3-71E93379A104}.Debug|Any CPU.ActiveCfg = Debug|Any CPU
		{7194000F-110C-422B-8EC3-71E93379A104}.Debug|Any CPU.Build.0 = Debug|Any CPU
		{7194000F-110C-422B-8EC3-71E93379A104}.Debug|x64.ActiveCfg = Debug|Any CPU
		{7194000F-110C-422B-8EC3-71E93379A104}.Debug|x64.Build.0 = Debug|Any CPU
		{7194000F-110C-422B-8EC3-71E93379A104}.Debug|x86.ActiveCfg = Debug|Any CPU
		{7194000F-110C-422B-8EC3-71E93379A104}.Debug|x86.Build.0 = Debug|Any CPU
		{7194000F-110C-422B-8EC3-71E93379A104}.Release|Any CPU.ActiveCfg = Release|Any CPU
		{7194000F-110C-422B-8EC3-71E93379A104}.Release|Any CPU.Build.0 = Release|Any CPU
		{7194000F-110C-422B-8EC3-71E93379A104}.Release|x64.ActiveCfg = Release|Any CPU
		{7194000F-110C-422B-8EC3-71E93379A104}.Release|x64.Build.0 = Release|Any CPU
		{7194000F-110C-422B-8EC3-71E93379A104}.Release|x86.ActiveCfg = Release|Any CPU
		{7194000F-110C-422B-8EC3-71E93379A104}.Release|x86.Build.0 = Release|Any CPU
		{600FBC5B-2C66-4B32-AFFE-E7B4C4DCF3DE}.Debug|Any CPU.ActiveCfg = Debug|Any CPU
		{600FBC5B-2C66-4B32-AFFE-E7B4C4DCF3DE}.Debug|Any CPU.Build.0 = Debug|Any CPU
		{600FBC5B-2C66-4B32-AFFE-E7B4C4DCF3DE}.Debug|x64.ActiveCfg = Debug|Any CPU
		{600FBC5B-2C66-4B32-AFFE-E7B4C4DCF3DE}.Debug|x64.Build.0 = Debug|Any CPU
		{600FBC5B-2C66-4B32-AFFE-E7B4C4DCF3DE}.Debug|x86.ActiveCfg = Debug|Any CPU
		{600FBC5B-2C66-4B32-AFFE-E7B4C4DCF3DE}.Debug|x86.Build.0 = Debug|Any CPU
		{600FBC5B-2C66-4B32-AFFE-E7B4C4DCF3DE}.Release|Any CPU.ActiveCfg = Release|Any CPU
		{600FBC5B-2C66-4B32-AFFE-E7B4C4DCF3DE}.Release|Any CPU.Build.0 = Release|Any CPU
		{600FBC5B-2C66-4B32-AFFE-E7B4C4DCF3DE}.Release|x64.ActiveCfg = Release|Any CPU
		{600FBC5B-2C66-4B32-AFFE-E7B4C4DCF3DE}.Release|x64.Build.0 = Release|Any CPU
		{600FBC5B-2C66-4B32-AFFE-E7B4C4DCF3DE}.Release|x86.ActiveCfg = Release|Any CPU
		{600FBC5B-2C66-4B32-AFFE-E7B4C4DCF3DE}.Release|x86.Build.0 = Release|Any CPU
		{268752FF-69F6-4785-82B9-6B52EC0A4144}.Debug|Any CPU.ActiveCfg = Debug|Any CPU
		{268752FF-69F6-4785-82B9-6B52EC0A4144}.Debug|Any CPU.Build.0 = Debug|Any CPU
		{268752FF-69F6-4785-82B9-6B52EC0A4144}.Debug|x64.ActiveCfg = Debug|Any CPU
		{268752FF-69F6-4785-82B9-6B52EC0A4144}.Debug|x64.Build.0 = Debug|Any CPU
		{268752FF-69F6-4785-82B9-6B52EC0A4144}.Debug|x86.ActiveCfg = Debug|Any CPU
		{268752FF-69F6-4785-82B9-6B52EC0A4144}.Debug|x86.Build.0 = Debug|Any CPU
		{268752FF-69F6-4785-82B9-6B52EC0A4144}.Release|Any CPU.ActiveCfg = Release|Any CPU
		{268752FF-69F6-4785-82B9-6B52EC0A4144}.Release|Any CPU.Build.0 = Release|Any CPU
		{268752FF-69F6-4785-82B9-6B52EC0A4144}.Release|x64.ActiveCfg = Release|Any CPU
		{268752FF-69F6-4785-82B9-6B52EC0A4144}.Release|x64.Build.0 = Release|Any CPU
		{268752FF-69F6-4785-82B9-6B52EC0A4144}.Release|x86.ActiveCfg = Release|Any CPU
		{268752FF-69F6-4785-82B9-6B52EC0A4144}.Release|x86.Build.0 = Release|Any CPU
		{8CBC456F-942D-49B8-A5E5-22C5E9724343}.Debug|Any CPU.ActiveCfg = Debug|Any CPU
		{8CBC456F-942D-49B8-A5E5-22C5E9724343}.Debug|Any CPU.Build.0 = Debug|Any CPU
		{8CBC456F-942D-49B8-A5E5-22C5E9724343}.Debug|x64.ActiveCfg = Debug|Any CPU
		{8CBC456F-942D-49B8-A5E5-22C5E9724343}.Debug|x64.Build.0 = Debug|Any CPU
		{8CBC456F-942D-49B8-A5E5-22C5E9724343}.Debug|x86.ActiveCfg = Debug|Any CPU
		{8CBC456F-942D-49B8-A5E5-22C5E9724343}.Debug|x86.Build.0 = Debug|Any CPU
		{8CBC456F-942D-49B8-A5E5-22C5E9724343}.Release|Any CPU.ActiveCfg = Release|Any CPU
		{8CBC456F-942D-49B8-A5E5-22C5E9724343}.Release|Any CPU.Build.0 = Release|Any CPU
		{8CBC456F-942D-49B8-A5E5-22C5E9724343}.Release|x64.ActiveCfg = Release|Any CPU
		{8CBC456F-942D-49B8-A5E5-22C5E9724343}.Release|x64.Build.0 = Release|Any CPU
		{8CBC456F-942D-49B8-A5E5-22C5E9724343}.Release|x86.ActiveCfg = Release|Any CPU
		{8CBC456F-942D-49B8-A5E5-22C5E9724343}.Release|x86.Build.0 = Release|Any CPU
		{B9029F87-AB43-4934-ACC0-728959232FA7}.Debug|Any CPU.ActiveCfg = Debug|Any CPU
		{B9029F87-AB43-4934-ACC0-728959232FA7}.Debug|Any CPU.Build.0 = Debug|Any CPU
		{B9029F87-AB43-4934-ACC0-728959232FA7}.Debug|x64.ActiveCfg = Debug|Any CPU
		{B9029F87-AB43-4934-ACC0-728959232FA7}.Debug|x64.Build.0 = Debug|Any CPU
		{B9029F87-AB43-4934-ACC0-728959232FA7}.Debug|x86.ActiveCfg = Debug|Any CPU
		{B9029F87-AB43-4934-ACC0-728959232FA7}.Debug|x86.Build.0 = Debug|Any CPU
		{B9029F87-AB43-4934-ACC0-728959232FA7}.Release|Any CPU.ActiveCfg = Release|Any CPU
		{B9029F87-AB43-4934-ACC0-728959232FA7}.Release|Any CPU.Build.0 = Release|Any CPU
		{B9029F87-AB43-4934-ACC0-728959232FA7}.Release|x64.ActiveCfg = Release|Any CPU
		{B9029F87-AB43-4934-ACC0-728959232FA7}.Release|x64.Build.0 = Release|Any CPU
		{B9029F87-AB43-4934-ACC0-728959232FA7}.Release|x86.ActiveCfg = Release|Any CPU
		{B9029F87-AB43-4934-ACC0-728959232FA7}.Release|x86.Build.0 = Release|Any CPU
		{86616B6A-2B50-4FDD-81B2-42B1D6160613}.Debug|Any CPU.ActiveCfg = Debug|Any CPU
		{86616B6A-2B50-4FDD-81B2-42B1D6160613}.Debug|Any CPU.Build.0 = Debug|Any CPU
		{86616B6A-2B50-4FDD-81B2-42B1D6160613}.Debug|x64.ActiveCfg = Debug|Any CPU
		{86616B6A-2B50-4FDD-81B2-42B1D6160613}.Debug|x64.Build.0 = Debug|Any CPU
		{86616B6A-2B50-4FDD-81B2-42B1D6160613}.Debug|x86.ActiveCfg = Debug|Any CPU
		{86616B6A-2B50-4FDD-81B2-42B1D6160613}.Debug|x86.Build.0 = Debug|Any CPU
		{86616B6A-2B50-4FDD-81B2-42B1D6160613}.Release|Any CPU.ActiveCfg = Release|Any CPU
		{86616B6A-2B50-4FDD-81B2-42B1D6160613}.Release|Any CPU.Build.0 = Release|Any CPU
		{86616B6A-2B50-4FDD-81B2-42B1D6160613}.Release|x64.ActiveCfg = Release|Any CPU
		{86616B6A-2B50-4FDD-81B2-42B1D6160613}.Release|x64.Build.0 = Release|Any CPU
		{86616B6A-2B50-4FDD-81B2-42B1D6160613}.Release|x86.ActiveCfg = Release|Any CPU
		{86616B6A-2B50-4FDD-81B2-42B1D6160613}.Release|x86.Build.0 = Release|Any CPU
		{6332B8AC-8FD3-48CC-BD6C-EB69742E80E1}.Debug|Any CPU.ActiveCfg = Debug|Any CPU
		{6332B8AC-8FD3-48CC-BD6C-EB69742E80E1}.Debug|Any CPU.Build.0 = Debug|Any CPU
		{6332B8AC-8FD3-48CC-BD6C-EB69742E80E1}.Debug|x64.ActiveCfg = Debug|Any CPU
		{6332B8AC-8FD3-48CC-BD6C-EB69742E80E1}.Debug|x64.Build.0 = Debug|Any CPU
		{6332B8AC-8FD3-48CC-BD6C-EB69742E80E1}.Debug|x86.ActiveCfg = Debug|Any CPU
		{6332B8AC-8FD3-48CC-BD6C-EB69742E80E1}.Debug|x86.Build.0 = Debug|Any CPU
		{6332B8AC-8FD3-48CC-BD6C-EB69742E80E1}.Release|Any CPU.ActiveCfg = Release|Any CPU
		{6332B8AC-8FD3-48CC-BD6C-EB69742E80E1}.Release|Any CPU.Build.0 = Release|Any CPU
		{6332B8AC-8FD3-48CC-BD6C-EB69742E80E1}.Release|x64.ActiveCfg = Release|Any CPU
		{6332B8AC-8FD3-48CC-BD6C-EB69742E80E1}.Release|x64.Build.0 = Release|Any CPU
		{6332B8AC-8FD3-48CC-BD6C-EB69742E80E1}.Release|x86.ActiveCfg = Release|Any CPU
		{6332B8AC-8FD3-48CC-BD6C-EB69742E80E1}.Release|x86.Build.0 = Release|Any CPU
	EndGlobalSection
	GlobalSection(SolutionProperties) = preSolution
		HideSolutionNode = FALSE
	EndGlobalSection
	GlobalSection(NestedProjects) = preSolution
		{DD206F60-1FAF-ED75-6FA2-9D7982884EA4} = {5854FF58-B8C5-05C6-5BF2-ACE42193F22B}
		{CC1E7390-9DC9-68F6-7E55-A8ECA6F8524A} = {DD206F60-1FAF-ED75-6FA2-9D7982884EA4}
		{FFD1A594-15AB-42E8-8314-872043E8C2AC} = {CC1E7390-9DC9-68F6-7E55-A8ECA6F8524A}
		{98C5CCB2-E5D9-72A6-B048-2A7112AB1D7B} = {DD206F60-1FAF-ED75-6FA2-9D7982884EA4}
		{8F105AF0-2205-430D-8CFD-64EFDD3A7A7F} = {98C5CCB2-E5D9-72A6-B048-2A7112AB1D7B}
		{B855C8D1-5364-824C-CDCA-EE7C08A2A013} = {DD206F60-1FAF-ED75-6FA2-9D7982884EA4}
		{0281868C-F076-4CBE-B66E-B426D45B8BC1} = {B855C8D1-5364-824C-CDCA-EE7C08A2A013}
		{8C80E4CC-CD17-837C-9AD1-91A241D051C9} = {DD206F60-1FAF-ED75-6FA2-9D7982884EA4}
		{7194000F-110C-422B-8EC3-71E93379A104} = {8C80E4CC-CD17-837C-9AD1-91A241D051C9}
		{BC40C39C-48B9-C388-F298-AD2982E556B2} = {5854FF58-B8C5-05C6-5BF2-ACE42193F22B}
		{BBEF91BD-EBB9-783C-E9F3-A3577D3F8ED1} = {BC40C39C-48B9-C388-F298-AD2982E556B2}
		{600FBC5B-2C66-4B32-AFFE-E7B4C4DCF3DE} = {BBEF91BD-EBB9-783C-E9F3-A3577D3F8ED1}
		{BB272D5A-3679-7F55-C7E1-013922B56CB5} = {BC40C39C-48B9-C388-F298-AD2982E556B2}
		{268752FF-69F6-4785-82B9-6B52EC0A4144} = {BB272D5A-3679-7F55-C7E1-013922B56CB5}
		{4EE93F56-4044-4495-351E-58364E8B363C} = {BC40C39C-48B9-C388-F298-AD2982E556B2}
		{8CBC456F-942D-49B8-A5E5-22C5E9724343} = {4EE93F56-4044-4495-351E-58364E8B363C}
		{4FAC71D7-F28E-BB80-1091-CAB3644D4679} = {BC40C39C-48B9-C388-F298-AD2982E556B2}
		{B9029F87-AB43-4934-ACC0-728959232FA7} = {4FAC71D7-F28E-BB80-1091-CAB3644D4679}
		{86616B6A-2B50-4FDD-81B2-42B1D6160613} = {0AB3BF05-4346-4AA6-1389-037BE0695223}
		{6332B8AC-8FD3-48CC-BD6C-EB69742E80E1} = {0AB3BF05-4346-4AA6-1389-037BE0695223}
	EndGlobalSection
EndGlobal
